
Microsoft Visual Studio Solution File, Format Version 12.00
Project("{FAE04EC0-301F-11D3-BF4B-00C04F79EFBC}") = "Aula_1_2025", "Aula_1_2025\Aula_1_2025.csproj", "{BB16E1BD-1895-4D06-A298-F4D6CB4B0909}"
EndProject
Global
	GlobalSection(SolutionConfigurationPlatforms) = preSolution
		Debug|Any CPU = Debug|Any CPU
		Release|Any CPU = Release|Any CPU
	EndGlobalSection
	GlobalSection(ProjectConfigurationPlatforms) = postSolution
		{BB16E1BD-1895-4D06-A298-F4D6CB4B0909}.Debug|Any CPU.ActiveCfg = Debug|Any CPU
		{BB16E1BD-1895-4D06-A298-F4D6CB4B0909}.Debug|Any CPU.Build.0 = Debug|Any CPU
		{BB16E1BD-1895-4D06-A298-F4D6CB4B0909}.Release|Any CPU.ActiveCfg = Release|Any CPU
		{BB16E1BD-1895-4D06-A298-F4D6CB4B0909}.Release|Any CPU.Build.0 = Release|Any CPU
	EndGlobalSection
EndGlobal
